
Microsoft Visual Studio Solution File, Format Version 12.00
# Visual Studio 15
VisualStudioVersion = 15.0.27703.2042
MinimumVisualStudioVersion = 10.0.40219.1
Project("{FAE04EC0-301F-11D3-BF4B-00C04F79EFBC}") = "Migrations", "Migrations\Migrations.csproj", "{1B168869-7A14-44BC-A5D7-5E28E805020A}"
EndProject
Global
	GlobalSection(SolutionConfigurationPlatforms) = preSolution
		Debug|Any CPU = Debug|Any CPU
		Release|Any CPU = Release|Any CPU
	EndGlobalSection
	GlobalSection(ProjectConfigurationPlatforms) = postSolution
		{1B168869-7A14-44BC-A5D7-5E28E805020A}.Debug|Any CPU.ActiveCfg = Debug|Any CPU
		{1B168869-7A14-44BC-A5D7-5E28E805020A}.Debug|Any CPU.Build.0 = Debug|Any CPU
		{1B168869-7A14-44BC-A5D7-5E28E805020A}.Release|Any CPU.ActiveCfg = Release|Any CPU
		{1B168869-7A14-44BC-A5D7-5E28E805020A}.Release|Any CPU.Build.0 = Release|Any CPU
	EndGlobalSection
	GlobalSection(SolutionProperties) = preSolution
		HideSolutionNode = FALSE
	EndGlobalSection
	GlobalSection(ExtensibilityGlobals) = postSolution
		SolutionGuid = {31CA86F6-DC58-42DD-8FD2-71FDBA55F9BE}
	EndGlobalSection
EndGlobal
