
Microsoft Visual Studio Solution File, Format Version 12.00
# Visual Studio 15
VisualStudioVersion = 15.0.27703.2042
MinimumVisualStudioVersion = 10.0.40219.1
Project("{FAE04EC0-301F-11D3-BF4B-00C04F79EFBC}") = "CodeSecond", "CodeSecond\CodeSecond.csproj", "{C014A362-BEA3-44D2-BF01-815DA1741B43}"
EndProject
Global
	GlobalSection(SolutionConfigurationPlatforms) = preSolution
		Debug|Any CPU = Debug|Any CPU
		Release|Any CPU = Release|Any CPU
	EndGlobalSection
	GlobalSection(ProjectConfigurationPlatforms) = postSolution
		{C014A362-BEA3-44D2-BF01-815DA1741B43}.Debug|Any CPU.ActiveCfg = Debug|Any CPU
		{C014A362-BEA3-44D2-BF01-815DA1741B43}.Debug|Any CPU.Build.0 = Debug|Any CPU
		{C014A362-BEA3-44D2-BF01-815DA1741B43}.Release|Any CPU.ActiveCfg = Release|Any CPU
		{C014A362-BEA3-44D2-BF01-815DA1741B43}.Release|Any CPU.Build.0 = Release|Any CPU
	EndGlobalSection
	GlobalSection(SolutionProperties) = preSolution
		HideSolutionNode = FALSE
	EndGlobalSection
	GlobalSection(ExtensibilityGlobals) = postSolution
		SolutionGuid = {10D864FB-3764-4174-BDFB-0A63D4DDD90B}
	EndGlobalSection
EndGlobal
